// !$*UTF8*$!
{
	archiveVersion = 1;
	classes = {
	};
	objectVersion = 50;
	objects = {

/* Begin PBXBuildFile section */
		AE5445CC225CE6900021B276 /* AppDelegate.swift in Sources */ = {isa = PBXBuildFile; fileRef = AE5445CB225CE6900021B276 /* AppDelegate.swift */; };
		AE5445CE225CE6900021B276 /* HomeViewController.swift in Sources */ = {isa = PBXBuildFile; fileRef = AE5445CD225CE6900021B276 /* HomeViewController.swift */; };
		AE5445D0225CE6900021B276 /* SettingsViewController.swift in Sources */ = {isa = PBXBuildFile; fileRef = AE5445CF225CE6900021B276 /* SettingsViewController.swift */; };
		AE5445D3225CE6900021B276 /* Main.storyboard in Resources */ = {isa = PBXBuildFile; fileRef = AE5445D1225CE6900021B276 /* Main.storyboard */; };
		AE5445D5225CE6910021B276 /* Assets.xcassets in Resources */ = {isa = PBXBuildFile; fileRef = AE5445D4225CE6910021B276 /* Assets.xcassets */; };
		AE5445D8225CE6910021B276 /* LaunchScreen.storyboard in Resources */ = {isa = PBXBuildFile; fileRef = AE5445D6225CE6910021B276 /* LaunchScreen.storyboard */; };
		AE5445E3225CE6920021B276 /* doggo_walkTests.swift in Sources */ = {isa = PBXBuildFile; fileRef = AE5445E2225CE6920021B276 /* doggo_walkTests.swift */; };
		AE5445EE225CE6920021B276 /* doggo_walkUITests.swift in Sources */ = {isa = PBXBuildFile; fileRef = AE5445ED225CE6920021B276 /* doggo_walkUITests.swift */; };
		AE5445FC225D019A0021B276 /* TripViewController.swift in Sources */ = {isa = PBXBuildFile; fileRef = AE5445FB225D019A0021B276 /* TripViewController.swift */; };
/* End PBXBuildFile section */

/* Begin PBXContainerItemProxy section */
		AE5445DF225CE6920021B276 /* PBXContainerItemProxy */ = {
			isa = PBXContainerItemProxy;
			containerPortal = AE5445C0225CE6900021B276 /* Project object */;
			proxyType = 1;
			remoteGlobalIDString = AE5445C7225CE6900021B276;
			remoteInfo = "doggo-walk";
		};
		AE5445EA225CE6920021B276 /* PBXContainerItemProxy */ = {
			isa = PBXContainerItemProxy;
			containerPortal = AE5445C0225CE6900021B276 /* Project object */;
			proxyType = 1;
			remoteGlobalIDString = AE5445C7225CE6900021B276;
			remoteInfo = "doggo-walk";
		};
/* End PBXContainerItemProxy section */

/* Begin PBXFileReference section */
		AE5445C8225CE6900021B276 /* doggo-walk.app */ = {isa = PBXFileReference; explicitFileType = wrapper.application; includeInIndex = 0; path = "doggo-walk.app"; sourceTree = BUILT_PRODUCTS_DIR; };
		AE5445CB225CE6900021B276 /* AppDelegate.swift */ = {isa = PBXFileReference; lastKnownFileType = sourcecode.swift; path = AppDelegate.swift; sourceTree = "<group>"; };
		AE5445CD225CE6900021B276 /* HomeViewController.swift */ = {isa = PBXFileReference; lastKnownFileType = sourcecode.swift; path = HomeViewController.swift; sourceTree = "<group>"; };
		AE5445CF225CE6900021B276 /* SettingsViewController.swift */ = {isa = PBXFileReference; lastKnownFileType = sourcecode.swift; path = SettingsViewController.swift; sourceTree = "<group>"; };
		AE5445D2225CE6900021B276 /* Base */ = {isa = PBXFileReference; lastKnownFileType = file.storyboard; name = Base; path = Base.lproj/Main.storyboard; sourceTree = "<group>"; };
		AE5445D4225CE6910021B276 /* Assets.xcassets */ = {isa = PBXFileReference; lastKnownFileType = folder.assetcatalog; path = Assets.xcassets; sourceTree = "<group>"; };
		AE5445D7225CE6910021B276 /* Base */ = {isa = PBXFileReference; lastKnownFileType = file.storyboard; name = Base; path = Base.lproj/LaunchScreen.storyboard; sourceTree = "<group>"; };
		AE5445D9225CE6910021B276 /* Info.plist */ = {isa = PBXFileReference; lastKnownFileType = text.plist.xml; path = Info.plist; sourceTree = "<group>"; };
		AE5445DE225CE6920021B276 /* doggo-walkTests.xctest */ = {isa = PBXFileReference; explicitFileType = wrapper.cfbundle; includeInIndex = 0; path = "doggo-walkTests.xctest"; sourceTree = BUILT_PRODUCTS_DIR; };
		AE5445E2225CE6920021B276 /* doggo_walkTests.swift */ = {isa = PBXFileReference; lastKnownFileType = sourcecode.swift; path = doggo_walkTests.swift; sourceTree = "<group>"; };
		AE5445E4225CE6920021B276 /* Info.plist */ = {isa = PBXFileReference; lastKnownFileType = text.plist.xml; path = Info.plist; sourceTree = "<group>"; };
		AE5445E9225CE6920021B276 /* doggo-walkUITests.xctest */ = {isa = PBXFileReference; explicitFileType = wrapper.cfbundle; includeInIndex = 0; path = "doggo-walkUITests.xctest"; sourceTree = BUILT_PRODUCTS_DIR; };
		AE5445ED225CE6920021B276 /* doggo_walkUITests.swift */ = {isa = PBXFileReference; lastKnownFileType = sourcecode.swift; path = doggo_walkUITests.swift; sourceTree = "<group>"; };
		AE5445EF225CE6920021B276 /* Info.plist */ = {isa = PBXFileReference; lastKnownFileType = text.plist.xml; path = Info.plist; sourceTree = "<group>"; };
		AE5445FB225D019A0021B276 /* TripViewController.swift */ = {isa = PBXFileReference; lastKnownFileType = sourcecode.swift; path = TripViewController.swift; sourceTree = "<group>"; };
/* End PBXFileReference section */

/* Begin PBXFrameworksBuildPhase section */
		AE5445C5225CE6900021B276 /* Frameworks */ = {
			isa = PBXFrameworksBuildPhase;
			buildActionMask = 2147483647;
			files = (
			);
			runOnlyForDeploymentPostprocessing = 0;
		};
		AE5445DB225CE6920021B276 /* Frameworks */ = {
			isa = PBXFrameworksBuildPhase;
			buildActionMask = 2147483647;
			files = (
			);
			runOnlyForDeploymentPostprocessing = 0;
		};
		AE5445E6225CE6920021B276 /* Frameworks */ = {
			isa = PBXFrameworksBuildPhase;
			buildActionMask = 2147483647;
			files = (
			);
			runOnlyForDeploymentPostprocessing = 0;
		};
/* End PBXFrameworksBuildPhase section */

/* Begin PBXGroup section */
		AE5445BF225CE6900021B276 = {
			isa = PBXGroup;
			children = (
				AE5445CA225CE6900021B276 /* doggo-walk */,
				AE5445E1225CE6920021B276 /* doggo-walkTests */,
				AE5445EC225CE6920021B276 /* doggo-walkUITests */,
				AE5445C9225CE6900021B276 /* Products */,
			);
			sourceTree = "<group>";
		};
		AE5445C9225CE6900021B276 /* Products */ = {
			isa = PBXGroup;
			children = (
				AE5445C8225CE6900021B276 /* doggo-walk.app */,
				AE5445DE225CE6920021B276 /* doggo-walkTests.xctest */,
				AE5445E9225CE6920021B276 /* doggo-walkUITests.xctest */,
			);
			name = Products;
			sourceTree = "<group>";
		};
		AE5445CA225CE6900021B276 /* doggo-walk */ = {
			isa = PBXGroup;
			children = (
				AE5445CB225CE6900021B276 /* AppDelegate.swift */,
				AE5445CD225CE6900021B276 /* HomeViewController.swift */,
				AE5445FB225D019A0021B276 /* TripViewController.swift */,
				AE5445CF225CE6900021B276 /* SettingsViewController.swift */,
				AE5445D1225CE6900021B276 /* Main.storyboard */,
				AE5445D4225CE6910021B276 /* Assets.xcassets */,
				AE5445D6225CE6910021B276 /* LaunchScreen.storyboard */,
				AE5445D9225CE6910021B276 /* Info.plist */,
			);
			path = "doggo-walk";
			sourceTree = "<group>";
		};
		AE5445E1225CE6920021B276 /* doggo-walkTests */ = {
			isa = PBXGroup;
			children = (
				AE5445E2225CE6920021B276 /* doggo_walkTests.swift */,
				AE5445E4225CE6920021B276 /* Info.plist */,
			);
			path = "doggo-walkTests";
			sourceTree = "<group>";
		};
		AE5445EC225CE6920021B276 /* doggo-walkUITests */ = {
			isa = PBXGroup;
			children = (
				AE5445ED225CE6920021B276 /* doggo_walkUITests.swift */,
				AE5445EF225CE6920021B276 /* Info.plist */,
			);
			path = "doggo-walkUITests";
			sourceTree = "<group>";
		};
/* End PBXGroup section */

/* Begin PBXNativeTarget section */
		AE5445C7225CE6900021B276 /* doggo-walk */ = {
			isa = PBXNativeTarget;
			buildConfigurationList = AE5445F2225CE6920021B276 /* Build configuration list for PBXNativeTarget "doggo-walk" */;
			buildPhases = (
				AE5445C4225CE6900021B276 /* Sources */,
				AE5445C5225CE6900021B276 /* Frameworks */,
				AE5445C6225CE6900021B276 /* Resources */,
			);
			buildRules = (
			);
			dependencies = (
			);
			name = "doggo-walk";
			productName = "doggo-walk";
			productReference = AE5445C8225CE6900021B276 /* doggo-walk.app */;
			productType = "com.apple.product-type.application";
		};
		AE5445DD225CE6920021B276 /* doggo-walkTests */ = {
			isa = PBXNativeTarget;
			buildConfigurationList = AE5445F5225CE6920021B276 /* Build configuration list for PBXNativeTarget "doggo-walkTests" */;
			buildPhases = (
				AE5445DA225CE6920021B276 /* Sources */,
				AE5445DB225CE6920021B276 /* Frameworks */,
				AE5445DC225CE6920021B276 /* Resources */,
			);
			buildRules = (
			);
			dependencies = (
				AE5445E0225CE6920021B276 /* PBXTargetDependency */,
			);
			name = "doggo-walkTests";
			productName = "doggo-walkTests";
			productReference = AE5445DE225CE6920021B276 /* doggo-walkTests.xctest */;
			productType = "com.apple.product-type.bundle.unit-test";
		};
		AE5445E8225CE6920021B276 /* doggo-walkUITests */ = {
			isa = PBXNativeTarget;
			buildConfigurationList = AE5445F8225CE6920021B276 /* Build configuration list for PBXNativeTarget "doggo-walkUITests" */;
			buildPhases = (
				AE5445E5225CE6920021B276 /* Sources */,
				AE5445E6225CE6920021B276 /* Frameworks */,
				AE5445E7225CE6920021B276 /* Resources */,
			);
			buildRules = (
			);
			dependencies = (
				AE5445EB225CE6920021B276 /* PBXTargetDependency */,
			);
			name = "doggo-walkUITests";
			productName = "doggo-walkUITests";
			productReference = AE5445E9225CE6920021B276 /* doggo-walkUITests.xctest */;
			productType = "com.apple.product-type.bundle.ui-testing";
		};
/* End PBXNativeTarget section */

/* Begin PBXProject section */
		AE5445C0225CE6900021B276 /* Project object */ = {
			isa = PBXProject;
			attributes = {
				LastSwiftUpdateCheck = 1020;
				LastUpgradeCheck = 1020;
				ORGANIZATIONNAME = "Jaehyuk Rhee";
				TargetAttributes = {
					AE5445C7225CE6900021B276 = {
						CreatedOnToolsVersion = 10.2;
						SystemCapabilities = {
							com.apple.BackgroundModes = {
								enabled = 1;
							};
						};
					};
					AE5445DD225CE6920021B276 = {
						CreatedOnToolsVersion = 10.2;
						TestTargetID = AE5445C7225CE6900021B276;
					};
					AE5445E8225CE6920021B276 = {
						CreatedOnToolsVersion = 10.2;
						TestTargetID = AE5445C7225CE6900021B276;
					};
				};
			};
			buildConfigurationList = AE5445C3225CE6900021B276 /* Build configuration list for PBXProject "doggo-walk" */;
			compatibilityVersion = "Xcode 9.3";
			developmentRegion = en;
			hasScannedForEncodings = 0;
			knownRegions = (
				en,
				Base,
			);
			mainGroup = AE5445BF225CE6900021B276;
			productRefGroup = AE5445C9225CE6900021B276 /* Products */;
			projectDirPath = "";
			projectRoot = "";
			targets = (
				AE5445C7225CE6900021B276 /* doggo-walk */,
				AE5445DD225CE6920021B276 /* doggo-walkTests */,
				AE5445E8225CE6920021B276 /* doggo-walkUITests */,
			);
		};
/* End PBXProject section */

/* Begin PBXResourcesBuildPhase section */
		AE5445C6225CE6900021B276 /* Resources */ = {
			isa = PBXResourcesBuildPhase;
			buildActionMask = 2147483647;
			files = (
				AE5445D8225CE6910021B276 /* LaunchScreen.storyboard in Resources */,
				AE5445D5225CE6910021B276 /* Assets.xcassets in Resources */,
				AE5445D3225CE6900021B276 /* Main.storyboard in Resources */,
			);
			runOnlyForDeploymentPostprocessing = 0;
		};
		AE5445DC225CE6920021B276 /* Resources */ = {
			isa = PBXResourcesBuildPhase;
			buildActionMask = 2147483647;
			files = (
			);
			runOnlyForDeploymentPostprocessing = 0;
		};
		AE5445E7225CE6920021B276 /* Resources */ = {
			isa = PBXResourcesBuildPhase;
			buildActionMask = 2147483647;
			files = (
			);
			runOnlyForDeploymentPostprocessing = 0;
		};
/* End PBXResourcesBuildPhase section */

/* Begin PBXSourcesBuildPhase section */
		AE5445C4225CE6900021B276 /* Sources */ = {
			isa = PBXSourcesBuildPhase;
			buildActionMask = 2147483647;
			files = (
				AE5445D0225CE6900021B276 /* SettingsViewController.swift in Sources */,
				AE5445FC225D019A0021B276 /* TripViewController.swift in Sources */,
				AE5445CC225CE6900021B276 /* AppDelegate.swift in Sources */,
				AE5445CE225CE6900021B276 /* HomeViewController.swift in Sources */,
			);
			runOnlyForDeploymentPostprocessing = 0;
		};
		AE5445DA225CE6920021B276 /* Sources */ = {
			isa = PBXSourcesBuildPhase;
			buildActionMask = 2147483647;
			files = (
				AE5445E3225CE6920021B276 /* doggo_walkTests.swift in Sources */,
			);
			runOnlyForDeploymentPostprocessing = 0;
		};
		AE5445E5225CE6920021B276 /* Sources */ = {
			isa = PBXSourcesBuildPhase;
			buildActionMask = 2147483647;
			files = (
				AE5445EE225CE6920021B276 /* doggo_walkUITests.swift in Sources */,
			);
			runOnlyForDeploymentPostprocessing = 0;
		};
/* End PBXSourcesBuildPhase section */

/* Begin PBXTargetDependency section */
		AE5445E0225CE6920021B276 /* PBXTargetDependency */ = {
			isa = PBXTargetDependency;
			target = AE5445C7225CE6900021B276 /* doggo-walk */;
			targetProxy = AE5445DF225CE6920021B276 /* PBXContainerItemProxy */;
		};
		AE5445EB225CE6920021B276 /* PBXTargetDependency */ = {
			isa = PBXTargetDependency;
			target = AE5445C7225CE6900021B276 /* doggo-walk */;
			targetProxy = AE5445EA225CE6920021B276 /* PBXContainerItemProxy */;
		};
/* End PBXTargetDependency section */

/* Begin PBXVariantGroup section */
		AE5445D1225CE6900021B276 /* Main.storyboard */ = {
			isa = PBXVariantGroup;
			children = (
				AE5445D2225CE6900021B276 /* Base */,
			);
			name = Main.storyboard;
			sourceTree = "<group>";
		};
		AE5445D6225CE6910021B276 /* LaunchScreen.storyboard */ = {
			isa = PBXVariantGroup;
			children = (
				AE5445D7225CE6910021B276 /* Base */,
			);
			name = LaunchScreen.storyboard;
			sourceTree = "<group>";
		};
/* End PBXVariantGroup section */

/* Begin XCBuildConfiguration section */
		AE5445F0225CE6920021B276 /* Debug */ = {
			isa = XCBuildConfiguration;
			buildSettings = {
				ALWAYS_SEARCH_USER_PATHS = NO;
				CLANG_ANALYZER_NONNULL = YES;
				CLANG_ANALYZER_NUMBER_OBJECT_CONVERSION = YES_AGGRESSIVE;
				CLANG_CXX_LANGUAGE_STANDARD = "gnu++14";
				CLANG_CXX_LIBRARY = "libc++";
				CLANG_ENABLE_MODULES = YES;
				CLANG_ENABLE_OBJC_ARC = YES;
				CLANG_ENABLE_OBJC_WEAK = YES;
				CLANG_WARN_BLOCK_CAPTURE_AUTORELEASING = YES;
				CLANG_WARN_BOOL_CONVERSION = YES;
				CLANG_WARN_COMMA = YES;
				CLANG_WARN_CONSTANT_CONVERSION = YES;
				CLANG_WARN_DEPRECATED_OBJC_IMPLEMENTATIONS = YES;
				CLANG_WARN_DIRECT_OBJC_ISA_USAGE = YES_ERROR;
				CLANG_WARN_DOCUMENTATION_COMMENTS = YES;
				CLANG_WARN_EMPTY_BODY = YES;
				CLANG_WARN_ENUM_CONVERSION = YES;
				CLANG_WARN_INFINITE_RECURSION = YES;
				CLANG_WARN_INT_CONVERSION = YES;
				CLANG_WARN_NON_LITERAL_NULL_CONVERSION = YES;
				CLANG_WARN_OBJC_IMPLICIT_RETAIN_SELF = YES;
				CLANG_WARN_OBJC_LITERAL_CONVERSION = YES;
				CLANG_WARN_OBJC_ROOT_CLASS = YES_ERROR;
				CLANG_WARN_RANGE_LOOP_ANALYSIS = YES;
				CLANG_WARN_STRICT_PROTOTYPES = YES;
				CLANG_WARN_SUSPICIOUS_MOVE = YES;
				CLANG_WARN_UNGUARDED_AVAILABILITY = YES_AGGRESSIVE;
				CLANG_WARN_UNREACHABLE_CODE = YES;
				CLANG_WARN__DUPLICATE_METHOD_MATCH = YES;
				CODE_SIGN_IDENTITY = "iPhone Developer";
				COPY_PHASE_STRIP = NO;
				DEBUG_INFORMATION_FORMAT = dwarf;
				ENABLE_STRICT_OBJC_MSGSEND = YES;
				ENABLE_TESTABILITY = YES;
				GCC_C_LANGUAGE_STANDARD = gnu11;
				GCC_DYNAMIC_NO_PIC = NO;
				GCC_NO_COMMON_BLOCKS = YES;
				GCC_OPTIMIZATION_LEVEL = 0;
				GCC_PREPROCESSOR_DEFINITIONS = (
					"DEBUG=1",
					"$(inherited)",
				);
				GCC_WARN_64_TO_32_BIT_CONVERSION = YES;
				GCC_WARN_ABOUT_RETURN_TYPE = YES_ERROR;
				GCC_WARN_UNDECLARED_SELECTOR = YES;
				GCC_WARN_UNINITIALIZED_AUTOS = YES_AGGRESSIVE;
				GCC_WARN_UNUSED_FUNCTION = YES;
				GCC_WARN_UNUSED_VARIABLE = YES;
				IPHONEOS_DEPLOYMENT_TARGET = 12.2;
				MTL_ENABLE_DEBUG_INFO = INCLUDE_SOURCE;
				MTL_FAST_MATH = YES;
				ONLY_ACTIVE_ARCH = YES;
				SDKROOT = iphoneos;
				SWIFT_ACTIVE_COMPILATION_CONDITIONS = DEBUG;
				SWIFT_OPTIMIZATION_LEVEL = "-Onone";
			};
			name = Debug;
		};
		AE5445F1225CE6920021B276 /* Release */ = {
			isa = XCBuildConfiguration;
			buildSettings = {
				ALWAYS_SEARCH_USER_PATHS = NO;
				CLANG_ANALYZER_NONNULL = YES;
				CLANG_ANALYZER_NUMBER_OBJECT_CONVERSION = YES_AGGRESSIVE;
				CLANG_CXX_LANGUAGE_STANDARD = "gnu++14";
				CLANG_CXX_LIBRARY = "libc++";
				CLANG_ENABLE_MODULES = YES;
				CLANG_ENABLE_OBJC_ARC = YES;
				CLANG_ENABLE_OBJC_WEAK = YES;
				CLANG_WARN_BLOCK_CAPTURE_AUTORELEASING = YES;
				CLANG_WARN_BOOL_CONVERSION = YES;
				CLANG_WARN_COMMA = YES;
				CLANG_WARN_CONSTANT_CONVERSION = YES;
				CLANG_WARN_DEPRECATED_OBJC_IMPLEMENTATIONS = YES;
				CLANG_WARN_DIRECT_OBJC_ISA_USAGE = YES_ERROR;
				CLANG_WARN_DOCUMENTATION_COMMENTS = YES;
				CLANG_WARN_EMPTY_BODY = YES;
				CLANG_WARN_ENUM_CONVERSION = YES;
				CLANG_WARN_INFINITE_RECURSION = YES;
				CLANG_WARN_INT_CONVERSION = YES;
				CLANG_WARN_NON_LITERAL_NULL_CONVERSION = YES;
				CLANG_WARN_OBJC_IMPLICIT_RETAIN_SELF = YES;
				CLANG_WARN_OBJC_LITERAL_CONVERSION = YES;
				CLANG_WARN_OBJC_ROOT_CLASS = YES_ERROR;
				CLANG_WARN_RANGE_LOOP_ANALYSIS = YES;
				CLANG_WARN_STRICT_PROTOTYPES = YES;
				CLANG_WARN_SUSPICIOUS_MOVE = YES;
				CLANG_WARN_UNGUARDED_AVAILABILITY = YES_AGGRESSIVE;
				CLANG_WARN_UNREACHABLE_CODE = YES;
				CLANG_WARN__DUPLICATE_METHOD_MATCH = YES;
				CODE_SIGN_IDENTITY = "iPhone Developer";
				COPY_PHASE_STRIP = NO;
				DEBUG_INFORMATION_FORMAT = "dwarf-with-dsym";
				ENABLE_NS_ASSERTIONS = NO;
				ENABLE_STRICT_OBJC_MSGSEND = YES;
				GCC_C_LANGUAGE_STANDARD = gnu11;
				GCC_NO_COMMON_BLOCKS = YES;
				GCC_WARN_64_TO_32_BIT_CONVERSION = YES;
				GCC_WARN_ABOUT_RETURN_TYPE = YES_ERROR;
				GCC_WARN_UNDECLARED_SELECTOR = YES;
				GCC_WARN_UNINITIALIZED_AUTOS = YES_AGGRESSIVE;
				GCC_WARN_UNUSED_FUNCTION = YES;
				GCC_WARN_UNUSED_VARIABLE = YES;
				IPHONEOS_DEPLOYMENT_TARGET = 12.2;
				MTL_ENABLE_DEBUG_INFO = NO;
				MTL_FAST_MATH = YES;
				SDKROOT = iphoneos;
				SWIFT_COMPILATION_MODE = wholemodule;
				SWIFT_OPTIMIZATION_LEVEL = "-O";
				VALIDATE_PRODUCT = YES;
			};
			name = Release;
		};
		AE5445F3225CE6920021B276 /* Debug */ = {
			isa = XCBuildConfiguration;
			buildSettings = {
				ASSETCATALOG_COMPILER_APPICON_NAME = AppIcon;
				CODE_SIGN_STYLE = Automatic;
				DEVELOPMENT_TEAM = NTW7XNR83T;
				INFOPLIST_FILE = "doggo-walk/Info.plist";
				LD_RUNPATH_SEARCH_PATHS = (
					"$(inherited)",
					"@executable_path/Frameworks",
				);
				PRODUCT_BUNDLE_IDENTIFIER = "jaehyukrhee.doggo-walk";
				PRODUCT_NAME = "$(TARGET_NAME)";
				SWIFT_VERSION = 5.0;
				TARGETED_DEVICE_FAMILY = "1,2";
			};
			name = Debug;
		};
		AE5445F4225CE6920021B276 /* Release */ = {
			isa = XCBuildConfiguration;
			buildSettings = {
				ASSETCATALOG_COMPILER_APPICON_NAME = AppIcon;
				CODE_SIGN_STYLE = Automatic;
				DEVELOPMENT_TEAM = NTW7XNR83T;
				INFOPLIST_FILE = "doggo-walk/Info.plist";
				LD_RUNPATH_SEARCH_PATHS = (
					"$(inherited)",
					"@executable_path/Frameworks",
				);
				PRODUCT_BUNDLE_IDENTIFIER = "jaehyukrhee.doggo-walk";
				PRODUCT_NAME = "$(TARGET_NAME)";
				SWIFT_VERSION = 5.0;
				TARGETED_DEVICE_FAMILY = "1,2";
			};
			name = Release;
		};
		AE5445F6225CE6920021B276 /* Debug */ = {
			isa = XCBuildConfiguration;
			buildSettings = {
				ALWAYS_EMBED_SWIFT_STANDARD_LIBRARIES = YES;
				BUNDLE_LOADER = "$(TEST_HOST)";
				CODE_SIGN_STYLE = Automatic;
				DEVELOPMENT_TEAM = NTW7XNR83T;
				INFOPLIST_FILE = "doggo-walkTests/Info.plist";
				LD_RUNPATH_SEARCH_PATHS = (
					"$(inherited)",
					"@executable_path/Frameworks",
					"@loader_path/Frameworks",
				);
				PRODUCT_BUNDLE_IDENTIFIER = "jaehyukrhee.doggo-walkTests";
				PRODUCT_NAME = "$(TARGET_NAME)";
				SWIFT_VERSION = 5.0;
				TARGETED_DEVICE_FAMILY = "1,2";
				TEST_HOST = "$(BUILT_PRODUCTS_DIR)/doggo-walk.app/doggo-walk";
			};
			name = Debug;
		};
		AE5445F7225CE6920021B276 /* Release */ = {
			isa = XCBuildConfiguration;
			buildSettings = {
				ALWAYS_EMBED_SWIFT_STANDARD_LIBRARIES = YES;
				BUNDLE_LOADER = "$(TEST_HOST)";
				CODE_SIGN_STYLE = Automatic;
				DEVELOPMENT_TEAM = NTW7XNR83T;
				INFOPLIST_FILE = "doggo-walkTests/Info.plist";
				LD_RUNPATH_SEARCH_PATHS = (
					"$(inherited)",
					"@executable_path/Frameworks",
					"@loader_path/Frameworks",
				);
				PRODUCT_BUNDLE_IDENTIFIER = "jaehyukrhee.doggo-walkTests";
				PRODUCT_NAME = "$(TARGET_NAME)";
				SWIFT_VERSION = 5.0;
				TARGETED_DEVICE_FAMILY = "1,2";
				TEST_HOST = "$(BUILT_PRODUCTS_DIR)/doggo-walk.app/doggo-walk";
			};
			name = Release;
		};
		AE5445F9225CE6920021B276 /* Debug */ = {
			isa = XCBuildConfiguration;
			buildSettings = {
				ALWAYS_EMBED_SWIFT_STANDARD_LIBRARIES = YES;
				CODE_SIGN_STYLE = Automatic;
				DEVELOPMENT_TEAM = NTW7XNR83T;
				INFOPLIST_FILE = "doggo-walkUITests/Info.plist";
				LD_RUNPATH_SEARCH_PATHS = (
					"$(inherited)",
					"@executable_path/Frameworks",
					"@loader_path/Frameworks",
				);
				PRODUCT_BUNDLE_IDENTIFIER = "jaehyukrhee.doggo-walkUITests";
				PRODUCT_NAME = "$(TARGET_NAME)";
				SWIFT_VERSION = 5.0;
				TARGETED_DEVICE_FAMILY = "1,2";
				TEST_TARGET_NAME = "doggo-walk";
			};
			name = Debug;
		};
		AE5445FA225CE6920021B276 /* Release */ = {
			isa = XCBuildConfiguration;
			buildSettings = {
				ALWAYS_EMBED_SWIFT_STANDARD_LIBRARIES = YES;
				CODE_SIGN_STYLE = Automatic;
				DEVELOPMENT_TEAM = NTW7XNR83T;
				INFOPLIST_FILE = "doggo-walkUITests/Info.plist";
				LD_RUNPATH_SEARCH_PATHS = (
					"$(inherited)",
					"@executable_path/Frameworks",
					"@loader_path/Frameworks",
				);
				PRODUCT_BUNDLE_IDENTIFIER = "jaehyukrhee.doggo-walkUITests";
				PRODUCT_NAME = "$(TARGET_NAME)";
				SWIFT_VERSION = 5.0;
				TARGETED_DEVICE_FAMILY = "1,2";
				TEST_TARGET_NAME = "doggo-walk";
			};
			name = Release;
		};
/* End XCBuildConfiguration section */

/* Begin XCConfigurationList section */
		AE5445C3225CE6900021B276 /* Build configuration list for PBXProject "doggo-walk" */ = {
			isa = XCConfigurationList;
			buildConfigurations = (
				AE5445F0225CE6920021B276 /* Debug */,
				AE5445F1225CE6920021B276 /* Release */,
			);
			defaultConfigurationIsVisible = 0;
			defaultConfigurationName = Release;
		};
		AE5445F2225CE6920021B276 /* Build configuration list for PBXNativeTarget "doggo-walk" */ = {
			isa = XCConfigurationList;
			buildConfigurations = (
				AE5445F3225CE6920021B276 /* Debug */,
				AE5445F4225CE6920021B276 /* Release */,
			);
			defaultConfigurationIsVisible = 0;
			defaultConfigurationName = Release;
		};
		AE5445F5225CE6920021B276 /* Build configuration list for PBXNativeTarget "doggo-walkTests" */ = {
			isa = XCConfigurationList;
			buildConfigurations = (
				AE5445F6225CE6920021B276 /* Debug */,
				AE5445F7225CE6920021B276 /* Release */,
			);
			defaultConfigurationIsVisible = 0;
			defaultConfigurationName = Release;
		};
		AE5445F8225CE6920021B276 /* Build configuration list for PBXNativeTarget "doggo-walkUITests" */ = {
			isa = XCConfigurationList;
			buildConfigurations = (
				AE5445F9225CE6920021B276 /* Debug */,
				AE5445FA225CE6920021B276 /* Release */,
			);
			defaultConfigurationIsVisible = 0;
			defaultConfigurationName = Release;
		};
/* End XCConfigurationList section */
	};
	rootObject = AE5445C0225CE6900021B276 /* Project object */;
}
